PODS:
  - auto_updater_macos (0.0.1):
    - FlutterMacOS
    - Sparkle
  - code_forge (10.0.0):
    - FlutterMacOS
  - desktop_multi_window (0.0.1):
    - FlutterMacOS
  - flutter_qjs (0.0.1):
    - FlutterMacOS
  - FlutterMacOS (1.0.0)
  - HotKey (0.2.0)
  - hotkey_manager_macos (0.0.1):
    - FlutterMacOS
    - HotKey
  - Sparkle (2.9.5)
  - tray_manager (0.0.1):
    - FlutterMacOS
  - window_ext (0.0.1):
    - FlutterMacOS

DEPENDENCIES:
  - auto_updater_macos (from `Flutter/ephemeral/.symlinks/plugins/auto_updater_macos/macos`)
  - code_forge (from `Flutter/ephemeral/.symlinks/plugins/code_forge/macos`)
  - desktop_multi_window (from `Flutter/ephemeral/.symlinks/plugins/desktop_multi_window/macos`)
  - flutter_qjs (from `Flutter/ephemeral/.symlinks/plugins/flutter_qjs/macos`)
  - FlutterMacOS (from `Flutter/ephemeral`)
  - hotkey_manager_macos (from `Flutter/ephemeral/.symlinks/plugins/hotkey_manager_macos/macos`)
  - tray_manager (from `Flutter/ephemeral/.symlinks/plugins/tray_manager/macos`)
  - window_ext (from `Flutter/ephemeral/.symlinks/plugins/window_ext/macos`)

SPEC REPOS:
  trunk:
    - HotKey
    - Sparkle

EXTERNAL SOURCES:
  auto_updater_macos:
    :path: Flutter/ephemeral/.symlinks/plugins/auto_updater_macos/macos
  code_forge:
    :path: Flutter/ephemeral/.symlinks/plugins/code_forge/macos
  desktop_multi_window:
    :path: Flutter/ephemeral/.symlinks/plugins/desktop_multi_window/macos
  flutter_qjs:
    :path: Flutter/ephemeral/.symlinks/plugins/flutter_qjs/macos
  FlutterMacOS:
    :path: Flutter/ephemeral
  hotkey_manager_macos:
    :path: Flutter/ephemeral/.symlinks/plugins/hotkey_manager_macos/macos
  tray_manager:
    :path: Flutter/ephemeral/.symlinks/plugins/tray_manager/macos
  window_ext:
    :path: Flutter/ephemeral/.symlinks/plugins/window_ext/macos

SPEC CHECKSUMS:
  auto_updater_macos: 3e3462c418fe4e731917eacd8d28eef7af84086d
  code_forge: 80bb2da320b632313812696666477ddee9a9f486
  desktop_multi_window: 566489c048b501134f9d7fb6a2354c60a9126486
  flutter_qjs: 1a3a4a23a9bb18d0583b5ee44d09ed9383a36e9f
  FlutterMacOS: d0db08ddef1a9af05a5ec4b724367152bb0500b1
  HotKey: e96d8a2ddbf4591131e2bb3f54e69554d90cdca6
  hotkey_manager_macos: 1e2edb0c7ae4fe67108af44a9d3445de41404160
  Sparkle: 3ed3ee66c8526fcba244d06edef5f009d3bbc6ba
  tray_manager: 9064e219c56d75c476e46b9a21182087930baf90
  window_ext: cbf41f054296dcfb15a1cb53610ef3eab6311f13

PODFILE CHECKSUM: 9ebaf0ce3d369aaa26a9ea0e159195ed94724cf3

COCOAPODS: 1.16.2
